{
  "name": "angularuniversal",
  "version": "1.0.0",
  "lockfileVersion": 1,
  "requires": true,
  "dependencies": {
    "@nguniversal/common": {
      "version": "9.1.1",
      "resolved": "https://registry.npmjs.org/@nguniversal/common/-/common-9.1.1.tgz",
      "integrity": "sha512-stYQzea9jhbs8XJDZEGcdHRVBrUp4wE3KMVufQNnQMbW/R+JpakGP6XBfPY3NLmqs/xJpVUIcIl3/6l5XxpR5A=="
    },
    "@nguniversal/express-engine": {
      "version": "9.1.1",
      "resolved": "https://registry.npmjs.org/@nguniversal/express-engine/-/express-engine-9.1.1.tgz",
      "integrity": "sha512-K/4cY+mJgJu65HYyFz5L4wrUqtkYqsg/itXOWhPCeuzhBCVpJQntXq2z07sxM+Jl5EIbCi3jGa5wnm/17uti4w==",
      "requires": {
        "@nguniversal/common": "9.1.1"
      }
    }
  }
}
